<Solution>
  <Configurations>
    <Platform Name="x64" />
    <Platform Name="x86" />
  </Configurations>
  <Project Path="RecursionSamples.vcxproj" Id="906a81af-e939-4f4b-8c39-11baccf3b7a9" />
  <Project Path="YCombinator/YCombinator.vcxproj" Id="b3784cd7-6fad-4966-8851-e8625bd0ac1c" />
</Solution>
